// !$*UTF8*$!
{
	archiveVersion = 1;
	classes = {
	};
	objectVersion = 50;
	objects = {

/* Begin PBXBuildFile section */
		FDB5832124AB56ED0091ED52 /* AppDelegate.swift in Sources */ = {isa = PBXBuildFile; fileRef = FDB5832024AB56ED0091ED52 /* AppDelegate.swift */; };
		FDB5832324AB56ED0091ED52 /* SceneDelegate.swift in Sources */ = {isa = PBXBuildFile; fileRef = FDB5832224AB56ED0091ED52 /* SceneDelegate.swift */; };
		FDB5832524AB56ED0091ED52 /* ViewController.swift in Sources */ = {isa = PBXBuildFile; fileRef = FDB5832424AB56ED0091ED52 /* ViewController.swift */; };
		FDB5832824AB56ED0091ED52 /* Main.storyboard in Resources */ = {isa = PBXBuildFile; fileRef = FDB5832624AB56ED0091ED52 /* Main.storyboard */; };
		FDB5832A24AB56F30091ED52 /* Assets.xcassets in Resources */ = {isa = PBXBuildFile; fileRef = FDB5832924AB56F30091ED52 /* Assets.xcassets */; };
		FDB5832D24AB56F30091ED52 /* LaunchScreen.storyboard in Resources */ = {isa = PBXBuildFile; fileRef = FDB5832B24AB56F30091ED52 /* LaunchScreen.storyboard */; };
		FDB5833524AB5C520091ED52 /* PlaceAnnotation.swift in Sources */ = {isa = PBXBuildFile; fileRef = FDB5833424AB5C520091ED52 /* PlaceAnnotation.swift */; };
		FDB5833724AC4CE00091ED52 /* ARViewController.swift in Sources */ = {isa = PBXBuildFile; fileRef = FDB5833624AC4CE00091ED52 /* ARViewController.swift */; };
		FDB5833924AC50070091ED52 /* Matrix.swift in Sources */ = {isa = PBXBuildFile; fileRef = FDB5833824AC50070091ED52 /* Matrix.swift */; };
		FDB5833B24AC52A60091ED52 /* pinAnchor.swift in Sources */ = {isa = PBXBuildFile; fileRef = FDB5833A24AC52A60091ED52 /* pinAnchor.swift */; };
		FDB5833E24AC6F890091ED52 /* MapKit.framework in Frameworks */ = {isa = PBXBuildFile; fileRef = FDB5833D24AC6F890091ED52 /* MapKit.framework */; };
		FDB5834024AC6F8E0091ED52 /* ARKit.framework in Frameworks */ = {isa = PBXBuildFile; fileRef = FDB5833F24AC6F8E0091ED52 /* ARKit.framework */; };
		FDB5834224AC713B0091ED52 /* PlaceListTableViewController.swift in Sources */ = {isa = PBXBuildFile; fileRef = FDB5834124AC713B0091ED52 /* PlaceListTableViewController.swift */; };
		FDB5834424AC71B30091ED52 /* PlaceTableViewCell.swift in Sources */ = {isa = PBXBuildFile; fileRef = FDB5834324AC71B30091ED52 /* PlaceTableViewCell.swift */; };
/* End PBXBuildFile section */

/* Begin PBXFileReference section */
		FDB5831D24AB56ED0091ED52 /* AR TEST.app */ = {isa = PBXFileReference; explicitFileType = wrapper.application; includeInIndex = 0; path = "AR TEST.app"; sourceTree = BUILT_PRODUCTS_DIR; };
		FDB5832024AB56ED0091ED52 /* AppDelegate.swift */ = {isa = PBXFileReference; lastKnownFileType = sourcecode.swift; path = AppDelegate.swift; sourceTree = "<group>"; };
		FDB5832224AB56ED0091ED52 /* SceneDelegate.swift */ = {isa = PBXFileReference; lastKnownFileType = sourcecode.swift; path = SceneDelegate.swift; sourceTree = "<group>"; };
		FDB5832424AB56ED0091ED52 /* ViewController.swift */ = {isa = PBXFileReference; lastKnownFileType = sourcecode.swift; path = ViewController.swift; sourceTree = "<group>"; };
		FDB5832724AB56ED0091ED52 /* Base */ = {isa = PBXFileReference; lastKnownFileType = file.storyboard; name = Base; path = Base.lproj/Main.storyboard; sourceTree = "<group>"; };
		FDB5832924AB56F30091ED52 /* Assets.xcassets */ = {isa = PBXFileReference; lastKnownFileType = folder.assetcatalog; path = Assets.xcassets; sourceTree = "<group>"; };
		FDB5832C24AB56F30091ED52 /* Base */ = {isa = PBXFileReference; lastKnownFileType = file.storyboard; name = Base; path = Base.lproj/LaunchScreen.storyboard; sourceTree = "<group>"; };
		FDB5832E24AB56F30091ED52 /* Info.plist */ = {isa = PBXFileReference; lastKnownFileType = text.plist.xml; path = Info.plist; sourceTree = "<group>"; };
		FDB5833424AB5C520091ED52 /* PlaceAnnotation.swift */ = {isa = PBXFileReference; lastKnownFileType = sourcecode.swift; path = PlaceAnnotation.swift; sourceTree = "<group>"; };
		FDB5833624AC4CE00091ED52 /* ARViewController.swift */ = {isa = PBXFileReference; lastKnownFileType = sourcecode.swift; path = ARViewController.swift; sourceTree = "<group>"; };
		FDB5833824AC50070091ED52 /* Matrix.swift */ = {isa = PBXFileReference; lastKnownFileType = sourcecode.swift; path = Matrix.swift; sourceTree = "<group>"; };
		FDB5833A24AC52A60091ED52 /* pinAnchor.swift */ = {isa = PBXFileReference; lastKnownFileType = sourcecode.swift; path = pinAnchor.swift; sourceTree = "<group>"; };
		FDB5833D24AC6F890091ED52 /* MapKit.framework */ = {isa = PBXFileReference; lastKnownFileType = wrapper.framework; name = MapKit.framework; path = System/Library/Frameworks/MapKit.framework; sourceTree = SDKROOT; };
		FDB5833F24AC6F8E0091ED52 /* ARKit.framework */ = {isa = PBXFileReference; lastKnownFileType = wrapper.framework; name = ARKit.framework; path = System/Library/Frameworks/ARKit.framework; sourceTree = SDKROOT; };
		FDB5834124AC713B0091ED52 /* PlaceListTableViewController.swift */ = {isa = PBXFileReference; lastKnownFileType = sourcecode.swift; path = PlaceListTableViewController.swift; sourceTree = "<group>"; };
		FDB5834324AC71B30091ED52 /* PlaceTableViewCell.swift */ = {isa = PBXFileReference; lastKnownFileType = sourcecode.swift; path = PlaceTableViewCell.swift; sourceTree = "<group>"; };
/* End PBXFileReference section */

/* Begin PBXFrameworksBuildPhase section */
		FDB5831A24AB56ED0091ED52 /* Frameworks */ = {
			isa = PBXFrameworksBuildPhase;
			buildActionMask = 2147483647;
			files = (
				FDB5834024AC6F8E0091ED52 /* ARKit.framework in Frameworks */,
				FDB5833E24AC6F890091ED52 /* MapKit.framework in Frameworks */,
			);
			runOnlyForDeploymentPostprocessing = 0;
		};
/* End PBXFrameworksBuildPhase section */

/* Begin PBXGroup section */
		FDB5831424AB56EC0091ED52 = {
			isa = PBXGroup;
			children = (
				FDB5831F24AB56ED0091ED52 /* AR TEST */,
				FDB5831E24AB56ED0091ED52 /* Products */,
				FDB5833C24AC6F890091ED52 /* Frameworks */,
			);
			sourceTree = "<group>";
		};
		FDB5831E24AB56ED0091ED52 /* Products */ = {
			isa = PBXGroup;
			children = (
				FDB5831D24AB56ED0091ED52 /* AR TEST.app */,
			);
			name = Products;
			sourceTree = "<group>";
		};
		FDB5831F24AB56ED0091ED52 /* AR TEST */ = {
			isa = PBXGroup;
			children = (
				FDB5832024AB56ED0091ED52 /* AppDelegate.swift */,
				FDB5832224AB56ED0091ED52 /* SceneDelegate.swift */,
				FDB5834124AC713B0091ED52 /* PlaceListTableViewController.swift */,
				FDB5834324AC71B30091ED52 /* PlaceTableViewCell.swift */,
				FDB5832424AB56ED0091ED52 /* ViewController.swift */,
				FDB5833624AC4CE00091ED52 /* ARViewController.swift */,
				FDB5833A24AC52A60091ED52 /* pinAnchor.swift */,
				FDB5833824AC50070091ED52 /* Matrix.swift */,
				FDB5833424AB5C520091ED52 /* PlaceAnnotation.swift */,
				FDB5832624AB56ED0091ED52 /* Main.storyboard */,
				FDB5832924AB56F30091ED52 /* Assets.xcassets */,
				FDB5832B24AB56F30091ED52 /* LaunchScreen.storyboard */,
				FDB5832E24AB56F30091ED52 /* Info.plist */,
			);
			path = "AR TEST";
			sourceTree = "<group>";
		};
		FDB5833C24AC6F890091ED52 /* Frameworks */ = {
			isa = PBXGroup;
			children = (
				FDB5833F24AC6F8E0091ED52 /* ARKit.framework */,
				FDB5833D24AC6F890091ED52 /* MapKit.framework */,
			);
			name = Frameworks;
			sourceTree = "<group>";
		};
/* End PBXGroup section */

/* Begin PBXNativeTarget section */
		FDB5831C24AB56ED0091ED52 /* AR TEST */ = {
			isa = PBXNativeTarget;
			buildConfigurationList = FDB5833124AB56F30091ED52 /* Build configuration list for PBXNativeTarget "AR TEST" */;
			buildPhases = (
				FDB5831924AB56ED0091ED52 /* Sources */,
				FDB5831A24AB56ED0091ED52 /* Frameworks */,
				FDB5831B24AB56ED0091ED52 /* Resources */,
			);
			buildRules = (
			);
			dependencies = (
			);
			name = "AR TEST";
			productName = "AR TEST";
			productReference = FDB5831D24AB56ED0091ED52 /* AR TEST.app */;
			productType = "com.apple.product-type.application";
		};
/* End PBXNativeTarget section */

/* Begin PBXProject section */
		FDB5831524AB56EC0091ED52 /* Project object */ = {
			isa = PBXProject;
			attributes = {
				LastSwiftUpdateCheck = 1150;
				LastUpgradeCheck = 1150;
				ORGANIZATIONNAME = "Book Lailert";
				TargetAttributes = {
					FDB5831C24AB56ED0091ED52 = {
						CreatedOnToolsVersion = 11.5;
					};
				};
			};
			buildConfigurationList = FDB5831824AB56EC0091ED52 /* Build configuration list for PBXProject "AR TEST" */;
			compatibilityVersion = "Xcode 9.3";
			developmentRegion = en;
			hasScannedForEncodings = 0;
			knownRegions = (
				en,
				Base,
			);
			mainGroup = FDB5831424AB56EC0091ED52;
			productRefGroup = FDB5831E24AB56ED0091ED52 /* Products */;
			projectDirPath = "";
			projectRoot = "";
			targets = (
				FDB5831C24AB56ED0091ED52 /* AR TEST */,
			);
		};
/* End PBXProject section */

/* Begin PBXResourcesBuildPhase section */
		FDB5831B24AB56ED0091ED52 /* Resources */ = {
			isa = PBXResourcesBuildPhase;
			buildActionMask = 2147483647;
			files = (
				FDB5832D24AB56F30091ED52 /* LaunchScreen.storyboard in Resources */,
				FDB5832A24AB56F30091ED52 /* Assets.xcassets in Resources */,
				FDB5832824AB56ED0091ED52 /* Main.storyboard in Resources */,
			);
			runOnlyForDeploymentPostprocessing = 0;
		};
/* End PBXResourcesBuildPhase section */

/* Begin PBXSourcesBuildPhase section */
		FDB5831924AB56ED0091ED52 /* Sources */ = {
			isa = PBXSourcesBuildPhase;
			buildActionMask = 2147483647;
			files = (
				FDB5833524AB5C520091ED52 /* PlaceAnnotation.swift in Sources */,
				FDB5834224AC713B0091ED52 /* PlaceListTableViewController.swift in Sources */,
				FDB5834424AC71B30091ED52 /* PlaceTableViewCell.swift in Sources */,
				FDB5832524AB56ED0091ED52 /* ViewController.swift in Sources */,
				FDB5833924AC50070091ED52 /* Matrix.swift in Sources */,
				FDB5832124AB56ED0091ED52 /* AppDelegate.swift in Sources */,
				FDB5832324AB56ED0091ED52 /* SceneDelegate.swift in Sources */,
				FDB5833724AC4CE00091ED52 /* ARViewController.swift in Sources */,
				FDB5833B24AC52A60091ED52 /* pinAnchor.swift in Sources */,
			);
			runOnlyForDeploymentPostprocessing = 0;
		};
/* End PBXSourcesBuildPhase section */

/* Begin PBXVariantGroup section */
		FDB5832624AB56ED0091ED52 /* Main.storyboard */ = {
			isa = PBXVariantGroup;
			children = (
				FDB5832724AB56ED0091ED52 /* Base */,
			);
			name = Main.storyboard;
			sourceTree = "<group>";
		};
		FDB5832B24AB56F30091ED52 /* LaunchScreen.storyboard */ = {
			isa = PBXVariantGroup;
			children = (
				FDB5832C24AB56F30091ED52 /* Base */,
			);
			name = LaunchScreen.storyboard;
			sourceTree = "<group>";
		};
/* End PBXVariantGroup section */

/* Begin XCBuildConfiguration section */
		FDB5832F24AB56F30091ED52 /* Debug */ = {
			isa = XCBuildConfiguration;
			buildSettings = {
				ALWAYS_SEARCH_USER_PATHS = NO;
				CLANG_ANALYZER_NONNULL = YES;
				CLANG_ANALYZER_NUMBER_OBJECT_CONVERSION = YES_AGGRESSIVE;
				CLANG_CXX_LANGUAGE_STANDARD = "gnu++14";
				CLANG_CXX_LIBRARY = "libc++";
				CLANG_ENABLE_MODULES = YES;
				CLANG_ENABLE_OBJC_ARC = YES;
				CLANG_ENABLE_OBJC_WEAK = YES;
				CLANG_WARN_BLOCK_CAPTURE_AUTORELEASING = YES;
				CLANG_WARN_BOOL_CONVERSION = YES;
				CLANG_WARN_COMMA = YES;
				CLANG_WARN_CONSTANT_CONVERSION = YES;
				CLANG_WARN_DEPRECATED_OBJC_IMPLEMENTATIONS = YES;
				CLANG_WARN_DIRECT_OBJC_ISA_USAGE = YES_ERROR;
				CLANG_WARN_DOCUMENTATION_COMMENTS = YES;
				CLANG_WARN_EMPTY_BODY = YES;
				CLANG_WARN_ENUM_CONVERSION = YES;
				CLANG_WARN_INFINITE_RECURSION = YES;
				CLANG_WARN_INT_CONVERSION = YES;
				CLANG_WARN_NON_LITERAL_NULL_CONVERSION = YES;
				CLANG_WARN_OBJC_IMPLICIT_RETAIN_SELF = YES;
				CLANG_WARN_OBJC_LITERAL_CONVERSION = YES;
				CLANG_WARN_OBJC_ROOT_CLASS = YES_ERROR;
				CLANG_WARN_RANGE_LOOP_ANALYSIS = YES;
				CLANG_WARN_STRICT_PROTOTYPES = YES;
				CLANG_WARN_SUSPICIOUS_MOVE = YES;
				CLANG_WARN_UNGUARDED_AVAILABILITY = YES_AGGRESSIVE;
				CLANG_WARN_UNREACHABLE_CODE = YES;
				CLANG_WARN__DUPLICATE_METHOD_MATCH = YES;
				COPY_PHASE_STRIP = NO;
				DEBUG_INFORMATION_FORMAT = dwarf;
				ENABLE_STRICT_OBJC_MSGSEND = YES;
				ENABLE_TESTABILITY = YES;
				GCC_C_LANGUAGE_STANDARD = gnu11;
				GCC_DYNAMIC_NO_PIC = NO;
				GCC_NO_COMMON_BLOCKS = YES;
				GCC_OPTIMIZATION_LEVEL = 0;
				GCC_PREPROCESSOR_DEFINITIONS = (
					"DEBUG=1",
					"$(inherited)",
				);
				GCC_WARN_64_TO_32_BIT_CONVERSION = YES;
				GCC_WARN_ABOUT_RETURN_TYPE = YES_ERROR;
				GCC_WARN_UNDECLARED_SELECTOR = YES;
				GCC_WARN_UNINITIALIZED_AUTOS = YES_AGGRESSIVE;
				GCC_WARN_UNUSED_FUNCTION = YES;
				GCC_WARN_UNUSED_VARIABLE = YES;
				IPHONEOS_DEPLOYMENT_TARGET = 13.5;
				MTL_ENABLE_DEBUG_INFO = INCLUDE_SOURCE;
				MTL_FAST_MATH = YES;
				ONLY_ACTIVE_ARCH = YES;
				SDKROOT = iphoneos;
				SWIFT_ACTIVE_COMPILATION_CONDITIONS = DEBUG;
				SWIFT_OPTIMIZATION_LEVEL = "-Onone";
			};
			name = Debug;
		};
		FDB5833024AB56F30091ED52 /* Release */ = {
			isa = XCBuildConfiguration;
			buildSettings = {
				ALWAYS_SEARCH_USER_PATHS = NO;
				CLANG_ANALYZER_NONNULL = YES;
				CLANG_ANALYZER_NUMBER_OBJECT_CONVERSION = YES_AGGRESSIVE;
				CLANG_CXX_LANGUAGE_STANDARD = "gnu++14";
				CLANG_CXX_LIBRARY = "libc++";
				CLANG_ENABLE_MODULES = YES;
				CLANG_ENABLE_OBJC_ARC = YES;
				CLANG_ENABLE_OBJC_WEAK = YES;
				CLANG_WARN_BLOCK_CAPTURE_AUTORELEASING = YES;
				CLANG_WARN_BOOL_CONVERSION = YES;
				CLANG_WARN_COMMA = YES;
				CLANG_WARN_CONSTANT_CONVERSION = YES;
				CLANG_WARN_DEPRECATED_OBJC_IMPLEMENTATIONS = YES;
				CLANG_WARN_DIRECT_OBJC_ISA_USAGE = YES_ERROR;
				CLANG_WARN_DOCUMENTATION_COMMENTS = YES;
				CLANG_WARN_EMPTY_BODY = YES;
				CLANG_WARN_ENUM_CONVERSION = YES;
				CLANG_WARN_INFINITE_RECURSION = YES;
				CLANG_WARN_INT_CONVERSION = YES;
				CLANG_WARN_NON_LITERAL_NULL_CONVERSION = YES;
				CLANG_WARN_OBJC_IMPLICIT_RETAIN_SELF = YES;
				CLANG_WARN_OBJC_LITERAL_CONVERSION = YES;
				CLANG_WARN_OBJC_ROOT_CLASS = YES_ERROR;
				CLANG_WARN_RANGE_LOOP_ANALYSIS = YES;
				CLANG_WARN_STRICT_PROTOTYPES = YES;
				CLANG_WARN_SUSPICIOUS_MOVE = YES;
				CLANG_WARN_UNGUARDED_AVAILABILITY = YES_AGGRESSIVE;
				CLANG_WARN_UNREACHABLE_CODE = YES;
				CLANG_WARN__DUPLICATE_METHOD_MATCH = YES;
				COPY_PHASE_STRIP = NO;
				DEBUG_INFORMATION_FORMAT = "dwarf-with-dsym";
				ENABLE_NS_ASSERTIONS = NO;
				ENABLE_STRICT_OBJC_MSGSEND = YES;
				GCC_C_LANGUAGE_STANDARD = gnu11;
				GCC_NO_COMMON_BLOCKS = YES;
				GCC_WARN_64_TO_32_BIT_CONVERSION = YES;
				GCC_WARN_ABOUT_RETURN_TYPE = YES_ERROR;
				GCC_WARN_UNDECLARED_SELECTOR = YES;
				GCC_WARN_UNINITIALIZED_AUTOS = YES_AGGRESSIVE;
				GCC_WARN_UNUSED_FUNCTION = YES;
				GCC_WARN_UNUSED_VARIABLE = YES;
				IPHONEOS_DEPLOYMENT_TARGET = 13.5;
				MTL_ENABLE_DEBUG_INFO = NO;
				MTL_FAST_MATH = YES;
				SDKROOT = iphoneos;
				SWIFT_COMPILATION_MODE = wholemodule;
				SWIFT_OPTIMIZATION_LEVEL = "-O";
				VALIDATE_PRODUCT = YES;
			};
			name = Release;
		};
		FDB5833224AB56F30091ED52 /* Debug */ = {
			isa = XCBuildConfiguration;
			buildSettings = {
				ASSETCATALOG_COMPILER_APPICON_NAME = AppIcon;
				CODE_SIGN_STYLE = Automatic;
				DEVELOPMENT_TEAM = 96ZWN3H5LD;
				INFOPLIST_FILE = "AR TEST/Info.plist";
				LD_RUNPATH_SEARCH_PATHS = (
					"$(inherited)",
					"@executable_path/Frameworks",
				);
				PRODUCT_BUNDLE_IDENTIFIER = "Book-Lailert.AR-TEST";
				PRODUCT_NAME = "$(TARGET_NAME)";
				SWIFT_VERSION = 5.0;
				TARGETED_DEVICE_FAMILY = "1,2";
			};
			name = Debug;
		};
		FDB5833324AB56F30091ED52 /* Release */ = {
			isa = XCBuildConfiguration;
			buildSettings = {
				ASSETCATALOG_COMPILER_APPICON_NAME = AppIcon;
				CODE_SIGN_STYLE = Automatic;
				DEVELOPMENT_TEAM = 96ZWN3H5LD;
				INFOPLIST_FILE = "AR TEST/Info.plist";
				LD_RUNPATH_SEARCH_PATHS = (
					"$(inherited)",
					"@executable_path/Frameworks",
				);
				PRODUCT_BUNDLE_IDENTIFIER = "Book-Lailert.AR-TEST";
				PRODUCT_NAME = "$(TARGET_NAME)";
				SWIFT_VERSION = 5.0;
				TARGETED_DEVICE_FAMILY = "1,2";
			};
			name = Release;
		};
/* End XCBuildConfiguration section */

/* Begin XCConfigurationList section */
		FDB5831824AB56EC0091ED52 /* Build configuration list for PBXProject "AR TEST" */ = {
			isa = XCConfigurationList;
			buildConfigurations = (
				FDB5832F24AB56F30091ED52 /* Debug */,
				FDB5833024AB56F30091ED52 /* Release */,
			);
			defaultConfigurationIsVisible = 0;
			defaultConfigurationName = Release;
		};
		FDB5833124AB56F30091ED52 /* Build configuration list for PBXNativeTarget "AR TEST" */ = {
			isa = XCConfigurationList;
			buildConfigurations = (
				FDB5833224AB56F30091ED52 /* Debug */,
				FDB5833324AB56F30091ED52 /* Release */,
			);
			defaultConfigurationIsVisible = 0;
			defaultConfigurationName = Release;
		};
/* End XCConfigurationList section */
	};
	rootObject = FDB5831524AB56EC0091ED52 /* Project object */;
}
